# auto-generated by grc.converter

id: wavelearner_terminal_sink
label: Terminal Sink
category: '[Wavelearner]'

parameters:
-   id: input_vlen
    label: Input Vector Length
    dtype: int
    default: '0'
    hide: ${ 'part' if vlen == 1 else 'none' }
-   id: batch_size
    label: Batch Size
    dtype: int
    default: '1'

inputs:
-   domain: stream
    dtype: float
    vlen: ${ input_vlen }

templates:
    imports: import wavelearner
    make: wavelearner.terminal_sink(${input_vlen}, ${batch_size})

documentation: |-
    Block that writes output to the terminal.
      Args:
        input_vlen: Number of input samples for each
         batch. To get this number, combine all NCHW
         dimensions (including batch size) by
         multiplying them together. For example, a
         16x1x2x2048 batch would have an input_vlen
         of 65536.
        batch_size: Batch size to be used for inference.
         For example, a 16x1x2x2048 would have a
         batch_size of 16.

file_format: 1
